// !$*UTF8*$!
{
	archiveVersion = 1;
	classes = {
	};
	objectVersion = 55;
	objects = {

/* Begin PBXBuildFile section */
		2377A2DA16FFD9DB3AD6F451 /* Pods_AnimationVerifier.framework in Frameworks */ = {isa = PBXBuildFile; fileRef = 9933B7E64E3ADEF060CFA2E6 /* Pods_AnimationVerifier.framework */; };
		340336652C7C7AC000AC8727 /* ListViewController.swift in Sources */ = {isa = PBXBuildFile; fileRef = 340336642C7C7AC000AC8727 /* ListViewController.swift */; };
		340336672C7C7ACE00AC8727 /* EmitterViewController.swift in Sources */ = {isa = PBXBuildFile; fileRef = 340336662C7C7ACE00AC8727 /* EmitterViewController.swift */; };
		340336692C7C7B2C00AC8727 /* ListTableCell.swift in Sources */ = {isa = PBXBuildFile; fileRef = 340336682C7C7B2C00AC8727 /* ListTableCell.swift */; };
		3403366B2C7C919200AC8727 /* EmitterPropertyCell.swift in Sources */ = {isa = PBXBuildFile; fileRef = 3403366A2C7C919200AC8727 /* EmitterPropertyCell.swift */; };
		343915522C7DB5DB00DFB34F /* EmitterPropertyButtonsCell.swift in Sources */ = {isa = PBXBuildFile; fileRef = 343915512C7DB5DB00DFB34F /* EmitterPropertyButtonsCell.swift */; };
		6C1DFB71295B3ECE0037D4CA /* AppDelegate.swift in Sources */ = {isa = PBXBuildFile; fileRef = 6C1DFB70295B3ECE0037D4CA /* AppDelegate.swift */; };
		6C1DFB7A295B3ED10037D4CA /* Assets.xcassets in Resources */ = {isa = PBXBuildFile; fileRef = 6C1DFB79295B3ED10037D4CA /* Assets.xcassets */; };
		6C1DFB7D295B3ED10037D4CA /* LaunchScreen.storyboard in Resources */ = {isa = PBXBuildFile; fileRef = 6C1DFB7B295B3ED10037D4CA /* LaunchScreen.storyboard */; };
		6C1DFB8D295B42320037D4CA /* AnimationViewController.swift in Sources */ = {isa = PBXBuildFile; fileRef = 6C1DFB8C295B42320037D4CA /* AnimationViewController.swift */; };
		6C1DFBB6295B7B990037D4CA /* ZIPFoundation in Frameworks */ = {isa = PBXBuildFile; productRef = 6C1DFBB5295B7B990037D4CA /* ZIPFoundation */; };
		6C1DFBBD295BC2990037D4CA /* DocumentBrowserViewController.swift in Sources */ = {isa = PBXBuildFile; fileRef = 6C1DFBBC295BC2980037D4CA /* DocumentBrowserViewController.swift */; };
/* End PBXBuildFile section */

/* Begin PBXFileReference section */
		2BAE07FCBBB059B95B360DCF /* Pods-AnimationVerifier.debug.xcconfig */ = {isa = PBXFileReference; includeInIndex = 1; lastKnownFileType = text.xcconfig; name = "Pods-AnimationVerifier.debug.xcconfig"; path = "Target Support Files/Pods-AnimationVerifier/Pods-AnimationVerifier.debug.xcconfig"; sourceTree = "<group>"; };
		340336642C7C7AC000AC8727 /* ListViewController.swift */ = {isa = PBXFileReference; lastKnownFileType = sourcecode.swift; path = ListViewController.swift; sourceTree = "<group>"; };
		340336662C7C7ACE00AC8727 /* EmitterViewController.swift */ = {isa = PBXFileReference; lastKnownFileType = sourcecode.swift; path = EmitterViewController.swift; sourceTree = "<group>"; };
		340336682C7C7B2C00AC8727 /* ListTableCell.swift */ = {isa = PBXFileReference; lastKnownFileType = sourcecode.swift; path = ListTableCell.swift; sourceTree = "<group>"; };
		3403366A2C7C919200AC8727 /* EmitterPropertyCell.swift */ = {isa = PBXFileReference; lastKnownFileType = sourcecode.swift; path = EmitterPropertyCell.swift; sourceTree = "<group>"; };
		343915512C7DB5DB00DFB34F /* EmitterPropertyButtonsCell.swift */ = {isa = PBXFileReference; lastKnownFileType = sourcecode.swift; path = EmitterPropertyButtonsCell.swift; sourceTree = "<group>"; };
		6C1DFB6D295B3ECE0037D4CA /* AnimationVerifier.app */ = {isa = PBXFileReference; explicitFileType = wrapper.application; includeInIndex = 0; path = AnimationVerifier.app; sourceTree = BUILT_PRODUCTS_DIR; };
		6C1DFB70295B3ECE0037D4CA /* AppDelegate.swift */ = {isa = PBXFileReference; lastKnownFileType = sourcecode.swift; path = AppDelegate.swift; sourceTree = "<group>"; };
		6C1DFB79295B3ED10037D4CA /* Assets.xcassets */ = {isa = PBXFileReference; lastKnownFileType = folder.assetcatalog; path = Assets.xcassets; sourceTree = "<group>"; };
		6C1DFB7C295B3ED10037D4CA /* Base */ = {isa = PBXFileReference; lastKnownFileType = file.storyboard; name = Base; path = Base.lproj/LaunchScreen.storyboard; sourceTree = "<group>"; };
		6C1DFB7E295B3ED10037D4CA /* Info.plist */ = {isa = PBXFileReference; lastKnownFileType = text.plist.xml; path = Info.plist; sourceTree = "<group>"; };
		6C1DFB8C295B42320037D4CA /* AnimationViewController.swift */ = {isa = PBXFileReference; lastKnownFileType = sourcecode.swift; path = AnimationViewController.swift; sourceTree = "<group>"; };
		6C1DFBBC295BC2980037D4CA /* DocumentBrowserViewController.swift */ = {isa = PBXFileReference; fileEncoding = 4; lastKnownFileType = sourcecode.swift; path = DocumentBrowserViewController.swift; sourceTree = "<group>"; };
		9933B7E64E3ADEF060CFA2E6 /* Pods_AnimationVerifier.framework */ = {isa = PBXFileReference; explicitFileType = wrapper.framework; includeInIndex = 0; path = Pods_AnimationVerifier.framework; sourceTree = BUILT_PRODUCTS_DIR; };
		C2F66AE894C5752B25147435 /* Pods-AnimationVerifier.release.xcconfig */ = {isa = PBXFileReference; includeInIndex = 1; lastKnownFileType = text.xcconfig; name = "Pods-AnimationVerifier.release.xcconfig"; path = "Target Support Files/Pods-AnimationVerifier/Pods-AnimationVerifier.release.xcconfig"; sourceTree = "<group>"; };
/* End PBXFileReference section */

/* Begin PBXFrameworksBuildPhase section */
		6C1DFB6A295B3ECE0037D4CA /* Frameworks */ = {
			isa = PBXFrameworksBuildPhase;
			buildActionMask = 2147483647;
			files = (
				2377A2DA16FFD9DB3AD6F451 /* Pods_AnimationVerifier.framework in Frameworks */,
				6C1DFBB6295B7B990037D4CA /* ZIPFoundation in Frameworks */,
			);
			runOnlyForDeploymentPostprocessing = 0;
		};
/* End PBXFrameworksBuildPhase section */

/* Begin PBXGroup section */
		1E159727A54695D3517388FA /* Frameworks */ = {
			isa = PBXGroup;
			children = (
				9933B7E64E3ADEF060CFA2E6 /* Pods_AnimationVerifier.framework */,
			);
			name = Frameworks;
			sourceTree = "<group>";
		};
		340336622C7C7A8300AC8727 /* List */ = {
			isa = PBXGroup;
			children = (
				340336642C7C7AC000AC8727 /* ListViewController.swift */,
				340336682C7C7B2C00AC8727 /* ListTableCell.swift */,
			);
			path = List;
			sourceTree = "<group>";
		};
		340336632C7C7A9D00AC8727 /* Emitter */ = {
			isa = PBXGroup;
			children = (
				340336662C7C7ACE00AC8727 /* EmitterViewController.swift */,
				343915512C7DB5DB00DFB34F /* EmitterPropertyButtonsCell.swift */,
				3403366A2C7C919200AC8727 /* EmitterPropertyCell.swift */,
			);
			path = Emitter;
			sourceTree = "<group>";
		};
		6C1DFB64295B3ECE0037D4CA = {
			isa = PBXGroup;
			children = (
				6C1DFB6F295B3ECE0037D4CA /* AnimationVerifier */,
				6C1DFB6E295B3ECE0037D4CA /* Products */,
				FDDDA3D403915939A62F5F0E /* Pods */,
				1E159727A54695D3517388FA /* Frameworks */,
			);
			sourceTree = "<group>";
		};
		6C1DFB6E295B3ECE0037D4CA /* Products */ = {
			isa = PBXGroup;
			children = (
				6C1DFB6D295B3ECE0037D4CA /* AnimationVerifier.app */,
			);
			name = Products;
			sourceTree = "<group>";
		};
		6C1DFB6F295B3ECE0037D4CA /* AnimationVerifier */ = {
			isa = PBXGroup;
			children = (
				6C1DFB87295B41C90037D4CA /* Views */,
				6C1DFB70295B3ECE0037D4CA /* AppDelegate.swift */,
				6C1DFB79295B3ED10037D4CA /* Assets.xcassets */,
				6C1DFB7B295B3ED10037D4CA /* LaunchScreen.storyboard */,
				6C1DFB7E295B3ED10037D4CA /* Info.plist */,
			);
			path = AnimationVerifier;
			sourceTree = "<group>";
		};
		6C1DFB87295B41C90037D4CA /* Views */ = {
			isa = PBXGroup;
			children = (
				340336622C7C7A8300AC8727 /* List */,
				340336632C7C7A9D00AC8727 /* Emitter */,
				6C1DFBBB295BC2980037D4CA /* Observer */,
				6C1DFB89295B41D60037D4CA /* Animation */,
			);
			path = Views;
			sourceTree = "<group>";
		};
		6C1DFB89295B41D60037D4CA /* Animation */ = {
			isa = PBXGroup;
			children = (
				6C1DFB8C295B42320037D4CA /* AnimationViewController.swift */,
			);
			path = Animation;
			sourceTree = "<group>";
		};
		6C1DFBBB295BC2980037D4CA /* Observer */ = {
			isa = PBXGroup;
			children = (
				6C1DFBBC295BC2980037D4CA /* DocumentBrowserViewController.swift */,
			);
			path = Observer;
			sourceTree = "<group>";
		};
		FDDDA3D403915939A62F5F0E /* Pods */ = {
			isa = PBXGroup;
			children = (
				2BAE07FCBBB059B95B360DCF /* Pods-AnimationVerifier.debug.xcconfig */,
				C2F66AE894C5752B25147435 /* Pods-AnimationVerifier.release.xcconfig */,
			);
			path = Pods;
			sourceTree = "<group>";
		};
/* End PBXGroup section */

/* Begin PBXNativeTarget section */
		6C1DFB6C295B3ECE0037D4CA /* AnimationVerifier */ = {
			isa = PBXNativeTarget;
			buildConfigurationList = 6C1DFB81295B3ED10037D4CA /* Build configuration list for PBXNativeTarget "AnimationVerifier" */;
			buildPhases = (
				443ABCAAD97ADDE3045BE6AB /* [CP] Check Pods Manifest.lock */,
				6C1DFB69295B3ECE0037D4CA /* Sources */,
				6C1DFB6A295B3ECE0037D4CA /* Frameworks */,
				6C1DFB6B295B3ECE0037D4CA /* Resources */,
			);
			buildRules = (
			);
			dependencies = (
			);
			name = AnimationVerifier;
			packageProductDependencies = (
				6C1DFBB5295B7B990037D4CA /* ZIPFoundation */,
			);
			productName = AnimationVerifier;
			productReference = 6C1DFB6D295B3ECE0037D4CA /* AnimationVerifier.app */;
			productType = "com.apple.product-type.application";
		};
/* End PBXNativeTarget section */

/* Begin PBXProject section */
		6C1DFB65295B3ECE0037D4CA /* Project object */ = {
			isa = PBXProject;
			attributes = {
				BuildIndependentTargetsInParallel = 1;
				LastSwiftUpdateCheck = 1330;
				LastUpgradeCheck = 1330;
				TargetAttributes = {
					6C1DFB6C295B3ECE0037D4CA = {
						CreatedOnToolsVersion = 13.3;
					};
				};
			};
			buildConfigurationList = 6C1DFB68295B3ECE0037D4CA /* Build configuration list for PBXProject "AnimationVerifier" */;
			compatibilityVersion = "Xcode 13.0";
			developmentRegion = en;
			hasScannedForEncodings = 0;
			knownRegions = (
				en,
				Base,
			);
			mainGroup = 6C1DFB64295B3ECE0037D4CA;
			packageReferences = (
				6C1DFBB4295B7B990037D4CA /* XCRemoteSwiftPackageReference "ZIPFoundation" */,
			);
			productRefGroup = 6C1DFB6E295B3ECE0037D4CA /* Products */;
			projectDirPath = "";
			projectRoot = "";
			targets = (
				6C1DFB6C295B3ECE0037D4CA /* AnimationVerifier */,
			);
		};
/* End PBXProject section */

/* Begin PBXResourcesBuildPhase section */
		6C1DFB6B295B3ECE0037D4CA /* Resources */ = {
			isa = PBXResourcesBuildPhase;
			buildActionMask = 2147483647;
			files = (
				6C1DFB7D295B3ED10037D4CA /* LaunchScreen.storyboard in Resources */,
				6C1DFB7A295B3ED10037D4CA /* Assets.xcassets in Resources */,
			);
			runOnlyForDeploymentPostprocessing = 0;
		};
/* End PBXResourcesBuildPhase section */

/* Begin PBXShellScriptBuildPhase section */
		443ABCAAD97ADDE3045BE6AB /* [CP] Check Pods Manifest.lock */ = {
			isa = PBXShellScriptBuildPhase;
			buildActionMask = 2147483647;
			files = (
			);
			inputFileListPaths = (
			);
			inputPaths = (
				"${PODS_PODFILE_DIR_PATH}/Podfile.lock",
				"${PODS_ROOT}/Manifest.lock",
			);
			name = "[CP] Check Pods Manifest.lock";
			outputFileListPaths = (
			);
			outputPaths = (
				"$(DERIVED_FILE_DIR)/Pods-AnimationVerifier-checkManifestLockResult.txt",
			);
			runOnlyForDeploymentPostprocessing = 0;
			shellPath = /bin/sh;
			shellScript = "diff \"${PODS_PODFILE_DIR_PATH}/Podfile.lock\" \"${PODS_ROOT}/Manifest.lock\" > /dev/null\nif [ $? != 0 ] ; then\n    # print error to STDERR\n    echo \"error: The sandbox is not in sync with the Podfile.lock. Run 'pod install' or update your CocoaPods installation.\" >&2\n    exit 1\nfi\n# This output is used by Xcode 'outputs' to avoid re-running this script phase.\necho \"SUCCESS\" > \"${SCRIPT_OUTPUT_FILE_0}\"\n";
			showEnvVarsInLog = 0;
		};
/* End PBXShellScriptBuildPhase section */

/* Begin PBXSourcesBuildPhase section */
		6C1DFB69295B3ECE0037D4CA /* Sources */ = {
			isa = PBXSourcesBuildPhase;
			buildActionMask = 2147483647;
			files = (
				6C1DFB8D295B42320037D4CA /* AnimationViewController.swift in Sources */,
				340336672C7C7ACE00AC8727 /* EmitterViewController.swift in Sources */,
				343915522C7DB5DB00DFB34F /* EmitterPropertyButtonsCell.swift in Sources */,
				6C1DFB71295B3ECE0037D4CA /* AppDelegate.swift in Sources */,
				340336652C7C7AC000AC8727 /* ListViewController.swift in Sources */,
				340336692C7C7B2C00AC8727 /* ListTableCell.swift in Sources */,
				3403366B2C7C919200AC8727 /* EmitterPropertyCell.swift in Sources */,
				6C1DFBBD295BC2990037D4CA /* DocumentBrowserViewController.swift in Sources */,
			);
			runOnlyForDeploymentPostprocessing = 0;
		};
/* End PBXSourcesBuildPhase section */

/* Begin PBXVariantGroup section */
		6C1DFB7B295B3ED10037D4CA /* LaunchScreen.storyboard */ = {
			isa = PBXVariantGroup;
			children = (
				6C1DFB7C295B3ED10037D4CA /* Base */,
			);
			name = LaunchScreen.storyboard;
			sourceTree = "<group>";
		};
/* End PBXVariantGroup section */

/* Begin XCBuildConfiguration section */
		6C1DFB7F295B3ED10037D4CA /* Debug */ = {
			isa = XCBuildConfiguration;
			buildSettings = {
				ALWAYS_SEARCH_USER_PATHS = NO;
				CLANG_ANALYZER_NONNULL = YES;
				CLANG_ANALYZER_NUMBER_OBJECT_CONVERSION = YES_AGGRESSIVE;
				CLANG_CXX_LANGUAGE_STANDARD = "gnu++17";
				CLANG_ENABLE_MODULES = YES;
				CLANG_ENABLE_OBJC_ARC = YES;
				CLANG_ENABLE_OBJC_WEAK = YES;
				CLANG_WARN_BLOCK_CAPTURE_AUTORELEASING = YES;
				CLANG_WARN_BOOL_CONVERSION = YES;
				CLANG_WARN_COMMA = YES;
				CLANG_WARN_CONSTANT_CONVERSION = YES;
				CLANG_WARN_DEPRECATED_OBJC_IMPLEMENTATIONS = YES;
				CLANG_WARN_DIRECT_OBJC_ISA_USAGE = YES_ERROR;
				CLANG_WARN_DOCUMENTATION_COMMENTS = YES;
				CLANG_WARN_EMPTY_BODY = YES;
				CLANG_WARN_ENUM_CONVERSION = YES;
				CLANG_WARN_INFINITE_RECURSION = YES;
				CLANG_WARN_INT_CONVERSION = YES;
				CLANG_WARN_NON_LITERAL_NULL_CONVERSION = YES;
				CLANG_WARN_OBJC_IMPLICIT_RETAIN_SELF = YES;
				CLANG_WARN_OBJC_LITERAL_CONVERSION = YES;
				CLANG_WARN_OBJC_ROOT_CLASS = YES_ERROR;
				CLANG_WARN_QUOTED_INCLUDE_IN_FRAMEWORK_HEADER = YES;
				CLANG_WARN_RANGE_LOOP_ANALYSIS = YES;
				CLANG_WARN_STRICT_PROTOTYPES = YES;
				CLANG_WARN_SUSPICIOUS_MOVE = YES;
				CLANG_WARN_UNGUARDED_AVAILABILITY = YES_AGGRESSIVE;
				CLANG_WARN_UNREACHABLE_CODE = YES;
				CLANG_WARN__DUPLICATE_METHOD_MATCH = YES;
				COPY_PHASE_STRIP = NO;
				DEBUG_INFORMATION_FORMAT = dwarf;
				ENABLE_STRICT_OBJC_MSGSEND = YES;
				ENABLE_TESTABILITY = YES;
				GCC_C_LANGUAGE_STANDARD = gnu11;
				GCC_DYNAMIC_NO_PIC = NO;
				GCC_NO_COMMON_BLOCKS = YES;
				GCC_OPTIMIZATION_LEVEL = 0;
				GCC_PREPROCESSOR_DEFINITIONS = (
					"DEBUG=1",
					"$(inherited)",
				);
				GCC_WARN_64_TO_32_BIT_CONVERSION = YES;
				GCC_WARN_ABOUT_RETURN_TYPE = YES_ERROR;
				GCC_WARN_UNDECLARED_SELECTOR = YES;
				GCC_WARN_UNINITIALIZED_AUTOS = YES_AGGRESSIVE;
				GCC_WARN_UNUSED_FUNCTION = YES;
				GCC_WARN_UNUSED_VARIABLE = YES;
				IPHONEOS_DEPLOYMENT_TARGET = 15.4;
				MTL_ENABLE_DEBUG_INFO = INCLUDE_SOURCE;
				MTL_FAST_MATH = YES;
				ONLY_ACTIVE_ARCH = YES;
				SDKROOT = iphoneos;
				SWIFT_ACTIVE_COMPILATION_CONDITIONS = DEBUG;
				SWIFT_OPTIMIZATION_LEVEL = "-Onone";
			};
			name = Debug;
		};
		6C1DFB80295B3ED10037D4CA /* Release */ = {
			isa = XCBuildConfiguration;
			buildSettings = {
				ALWAYS_SEARCH_USER_PATHS = NO;
				CLANG_ANALYZER_NONNULL = YES;
				CLANG_ANALYZER_NUMBER_OBJECT_CONVERSION = YES_AGGRESSIVE;
				CLANG_CXX_LANGUAGE_STANDARD = "gnu++17";
				CLANG_ENABLE_MODULES = YES;
				CLANG_ENABLE_OBJC_ARC = YES;
				CLANG_ENABLE_OBJC_WEAK = YES;
				CLANG_WARN_BLOCK_CAPTURE_AUTORELEASING = YES;
				CLANG_WARN_BOOL_CONVERSION = YES;
				CLANG_WARN_COMMA = YES;
				CLANG_WARN_CONSTANT_CONVERSION = YES;
				CLANG_WARN_DEPRECATED_OBJC_IMPLEMENTATIONS = YES;
				CLANG_WARN_DIRECT_OBJC_ISA_USAGE = YES_ERROR;
				CLANG_WARN_DOCUMENTATION_COMMENTS = YES;
				CLANG_WARN_EMPTY_BODY = YES;
				CLANG_WARN_ENUM_CONVERSION = YES;
				CLANG_WARN_INFINITE_RECURSION = YES;
				CLANG_WARN_INT_CONVERSION = YES;
				CLANG_WARN_NON_LITERAL_NULL_CONVERSION = YES;
				CLANG_WARN_OBJC_IMPLICIT_RETAIN_SELF = YES;
				CLANG_WARN_OBJC_LITERAL_CONVERSION = YES;
				CLANG_WARN_OBJC_ROOT_CLASS = YES_ERROR;
				CLANG_WARN_QUOTED_INCLUDE_IN_FRAMEWORK_HEADER = YES;
				CLANG_WARN_RANGE_LOOP_ANALYSIS = YES;
				CLANG_WARN_STRICT_PROTOTYPES = YES;
				CLANG_WARN_SUSPICIOUS_MOVE = YES;
				CLANG_WARN_UNGUARDED_AVAILABILITY = YES_AGGRESSIVE;
				CLANG_WARN_UNREACHABLE_CODE = YES;
				CLANG_WARN__DUPLICATE_METHOD_MATCH = YES;
				COPY_PHASE_STRIP = NO;
				DEBUG_INFORMATION_FORMAT = "dwarf-with-dsym";
				ENABLE_NS_ASSERTIONS = NO;
				ENABLE_STRICT_OBJC_MSGSEND = YES;
				GCC_C_LANGUAGE_STANDARD = gnu11;
				GCC_NO_COMMON_BLOCKS = YES;
				GCC_WARN_64_TO_32_BIT_CONVERSION = YES;
				GCC_WARN_ABOUT_RETURN_TYPE = YES_ERROR;
				GCC_WARN_UNDECLARED_SELECTOR = YES;
				GCC_WARN_UNINITIALIZED_AUTOS = YES_AGGRESSIVE;
				GCC_WARN_UNUSED_FUNCTION = YES;
				GCC_WARN_UNUSED_VARIABLE = YES;
				IPHONEOS_DEPLOYMENT_TARGET = 15.4;
				MTL_ENABLE_DEBUG_INFO = NO;
				MTL_FAST_MATH = YES;
				SDKROOT = iphoneos;
				SWIFT_COMPILATION_MODE = wholemodule;
				SWIFT_OPTIMIZATION_LEVEL = "-O";
				VALIDATE_PRODUCT = YES;
			};
			name = Release;
		};
		6C1DFB82295B3ED10037D4CA /* Debug */ = {
			isa = XCBuildConfiguration;
			baseConfigurationReference = 2BAE07FCBBB059B95B360DCF /* Pods-AnimationVerifier.debug.xcconfig */;
			buildSettings = {
				ASSETCATALOG_COMPILER_APPICON_NAME = AppIcon;
				ASSETCATALOG_COMPILER_GLOBAL_ACCENT_COLOR_NAME = AccentColor;
				CODE_SIGN_STYLE = Automatic;
				CURRENT_PROJECT_VERSION = 1.0.1;
				DEVELOPMENT_TEAM = Z937B8HVN5;
				GENERATE_INFOPLIST_FILE = YES;
				INFOPLIST_FILE = AnimationVerifier/Info.plist;
				INFOPLIST_KEY_CFBundleDisplayName = Lottie;
				INFOPLIST_KEY_UIApplicationSupportsIndirectInputEvents = YES;
				INFOPLIST_KEY_UILaunchStoryboardName = LaunchScreen;
				INFOPLIST_KEY_UISupportedInterfaceOrientations = UIInterfaceOrientationPortrait;
				INFOPLIST_KEY_UISupportedInterfaceOrientations_iPad = "UIInterfaceOrientationPortrait UIInterfaceOrientationPortraitUpsideDown UIInterfaceOrientationLandscapeLeft UIInterfaceOrientationLandscapeRight";
				INFOPLIST_KEY_UISupportedInterfaceOrientations_iPhone = "UIInterfaceOrientationPortrait UIInterfaceOrientationLandscapeLeft UIInterfaceOrientationLandscapeRight";
				INFOPLIST_KEY_UIUserInterfaceStyle = Light;
				IPHONEOS_DEPLOYMENT_TARGET = 14.0;
				LD_RUNPATH_SEARCH_PATHS = (
					"$(inherited)",
					"@executable_path/Frameworks",
				);
				MARKETING_VERSION = 1.0;
				PRODUCT_BUNDLE_IDENTIFIER = me.incrdbl.ios.AnimationVerifier;
				PRODUCT_NAME = "$(TARGET_NAME)";
				SWIFT_EMIT_LOC_STRINGS = YES;
				SWIFT_VERSION = 5.0;
				TARGETED_DEVICE_FAMILY = 1;
			};
			name = Debug;
		};
		6C1DFB83295B3ED10037D4CA /* Release */ = {
			isa = XCBuildConfiguration;
			baseConfigurationReference = C2F66AE894C5752B25147435 /* Pods-AnimationVerifier.release.xcconfig */;
			buildSettings = {
				ASSETCATALOG_COMPILER_APPICON_NAME = AppIcon;
				ASSETCATALOG_COMPILER_GLOBAL_ACCENT_COLOR_NAME = AccentColor;
				CODE_SIGN_STYLE = Automatic;
				CURRENT_PROJECT_VERSION = 1.0.1;
				DEVELOPMENT_TEAM = Z937B8HVN5;
				GENERATE_INFOPLIST_FILE = YES;
				INFOPLIST_FILE = AnimationVerifier/Info.plist;
				INFOPLIST_KEY_CFBundleDisplayName = Lottie;
				INFOPLIST_KEY_UIApplicationSupportsIndirectInputEvents = YES;
				INFOPLIST_KEY_UILaunchStoryboardName = LaunchScreen;
				INFOPLIST_KEY_UISupportedInterfaceOrientations = UIInterfaceOrientationPortrait;
				INFOPLIST_KEY_UISupportedInterfaceOrientations_iPad = "UIInterfaceOrientationPortrait UIInterfaceOrientationPortraitUpsideDown UIInterfaceOrientationLandscapeLeft UIInterfaceOrientationLandscapeRight";
				INFOPLIST_KEY_UISupportedInterfaceOrientations_iPhone = "UIInterfaceOrientationPortrait UIInterfaceOrientationLandscapeLeft UIInterfaceOrientationLandscapeRight";
				INFOPLIST_KEY_UIUserInterfaceStyle = Light;
				IPHONEOS_DEPLOYMENT_TARGET = 14.0;
				LD_RUNPATH_SEARCH_PATHS = (
					"$(inherited)",
					"@executable_path/Frameworks",
				);
				MARKETING_VERSION = 1.0;
				PRODUCT_BUNDLE_IDENTIFIER = me.incrdbl.ios.AnimationVerifier;
				PRODUCT_NAME = "$(TARGET_NAME)";
				SWIFT_EMIT_LOC_STRINGS = YES;
				SWIFT_VERSION = 5.0;
				TARGETED_DEVICE_FAMILY = 1;
			};
			name = Release;
		};
/* End XCBuildConfiguration section */

/* Begin XCConfigurationList section */
		6C1DFB68295B3ECE0037D4CA /* Build configuration list for PBXProject "AnimationVerifier" */ = {
			isa = XCConfigurationList;
			buildConfigurations = (
				6C1DFB7F295B3ED10037D4CA /* Debug */,
				6C1DFB80295B3ED10037D4CA /* Release */,
			);
			defaultConfigurationIsVisible = 0;
			defaultConfigurationName = Release;
		};
		6C1DFB81295B3ED10037D4CA /* Build configuration list for PBXNativeTarget "AnimationVerifier" */ = {
			isa = XCConfigurationList;
			buildConfigurations = (
				6C1DFB82295B3ED10037D4CA /* Debug */,
				6C1DFB83295B3ED10037D4CA /* Release */,
			);
			defaultConfigurationIsVisible = 0;
			defaultConfigurationName = Release;
		};
/* End XCConfigurationList section */

/* Begin XCRemoteSwiftPackageReference section */
		6C1DFBB4295B7B990037D4CA /* XCRemoteSwiftPackageReference "ZIPFoundation" */ = {
			isa = XCRemoteSwiftPackageReference;
			repositoryURL = "https://github.com/weichsel/ZIPFoundation.git";
			requirement = {
				kind = upToNextMajorVersion;
				minimumVersion = 0.9.9;
			};
		};
/* End XCRemoteSwiftPackageReference section */

/* Begin XCSwiftPackageProductDependency section */
		6C1DFBB5295B7B990037D4CA /* ZIPFoundation */ = {
			isa = XCSwiftPackageProductDependency;
			package = 6C1DFBB4295B7B990037D4CA /* XCRemoteSwiftPackageReference "ZIPFoundation" */;
			productName = ZIPFoundation;
		};
/* End XCSwiftPackageProductDependency section */
	};
	rootObject = 6C1DFB65295B3ECE0037D4CA /* Project object */;
}
